
Microsoft Visual Studio Solution File, Format Version 12.00
Project("{2150E333-8FDC-42A3-9474-1A3956D46DE8}") = "src", "src", "{71C31B14-2B91-4787-A093-7B5E7D77F048}"
EndProject
Project("{2150E333-8FDC-42A3-9474-1A3956D46DE8}") = "test", "test", "{AF8E7913-9BB2-40B9-99EA-8EFC66A8E4F8}"
EndProject
Project("{2150E333-8FDC-42A3-9474-1A3956D46DE8}") = "Shared", "Shared", "{31F2CF38-B758-464D-BD1E-83875AEF9B46}"
EndProject
Project("{2150E333-8FDC-42A3-9474-1A3956D46DE8}") = "Backend", "Backend", "{CFDA4A71-CAD8-4C4D-9E7C-3905A6180E9A}"
EndProject
Project("{2150E333-8FDC-42A3-9474-1A3956D46DE8}") = "Frontend", "Frontend", "{4BC36847-C845-4839-8A29-B2959E044404}"
EndProject
Project("{FAE04EC0-301F-11D3-BF4B-00C04F79EFBC}") = "Contract", "src\Shared\Contract\Contract.csproj", "{8182A2DB-5128-4E19-90F9-1111EF47252A}"
EndProject
Project("{FAE04EC0-301F-11D3-BF4B-00C04F79EFBC}") = "Api", "src\Backend\Api\Api.csproj", "{D797FD3C-4334-4C1D-8FF4-5F6DE1CB5CCB}"
EndProject
Global
	GlobalSection(SolutionConfigurationPlatforms) = preSolution
		Debug|Any CPU = Debug|Any CPU
		Release|Any CPU = Release|Any CPU
	EndGlobalSection
	GlobalSection(NestedProjects) = preSolution
		{31F2CF38-B758-464D-BD1E-83875AEF9B46} = {71C31B14-2B91-4787-A093-7B5E7D77F048}
		{CFDA4A71-CAD8-4C4D-9E7C-3905A6180E9A} = {71C31B14-2B91-4787-A093-7B5E7D77F048}
		{4BC36847-C845-4839-8A29-B2959E044404} = {71C31B14-2B91-4787-A093-7B5E7D77F048}
		{8182A2DB-5128-4E19-90F9-1111EF47252A} = {31F2CF38-B758-464D-BD1E-83875AEF9B46}
		{D797FD3C-4334-4C1D-8FF4-5F6DE1CB5CCB} = {CFDA4A71-CAD8-4C4D-9E7C-3905A6180E9A}
	EndGlobalSection
	GlobalSection(ProjectConfigurationPlatforms) = postSolution
		{8182A2DB-5128-4E19-90F9-1111EF47252A}.Debug|Any CPU.ActiveCfg = Debug|Any CPU
		{8182A2DB-5128-4E19-90F9-1111EF47252A}.Debug|Any CPU.Build.0 = Debug|Any CPU
		{8182A2DB-5128-4E19-90F9-1111EF47252A}.Release|Any CPU.ActiveCfg = Release|Any CPU
		{8182A2DB-5128-4E19-90F9-1111EF47252A}.Release|Any CPU.Build.0 = Release|Any CPU
		{D797FD3C-4334-4C1D-8FF4-5F6DE1CB5CCB}.Debug|Any CPU.ActiveCfg = Debug|Any CPU
		{D797FD3C-4334-4C1D-8FF4-5F6DE1CB5CCB}.Debug|Any CPU.Build.0 = Debug|Any CPU
		{D797FD3C-4334-4C1D-8FF4-5F6DE1CB5CCB}.Release|Any CPU.ActiveCfg = Release|Any CPU
		{D797FD3C-4334-4C1D-8FF4-5F6DE1CB5CCB}.Release|Any CPU.Build.0 = Release|Any CPU
	EndGlobalSection
EndGlobal
