
Microsoft Visual Studio Solution File, Format Version 12.00
Project("{2150E333-8FDC-42A3-9474-1A3956D46DE8}") = "src", "src", "{71C31B14-2B91-4787-A093-7B5E7D77F048}"
EndProject
Project("{2150E333-8FDC-42A3-9474-1A3956D46DE8}") = "test", "test", "{AF8E7913-9BB2-40B9-99EA-8EFC66A8E4F8}"
EndProject
Project("{2150E333-8FDC-42A3-9474-1A3956D46DE8}") = "Shared", "Shared", "{31F2CF38-B758-464D-BD1E-83875AEF9B46}"
EndProject
Project("{2150E333-8FDC-42A3-9474-1A3956D46DE8}") = "API", "API", "{CFDA4A71-CAD8-4C4D-9E7C-3905A6180E9A}"
EndProject
Project("{2150E333-8FDC-42A3-9474-1A3956D46DE8}") = "UI", "UI", "{4BC36847-C845-4839-8A29-B2959E044404}"
EndProject
Global
	GlobalSection(SolutionConfigurationPlatforms) = preSolution
		Debug|Any CPU = Debug|Any CPU
		Release|Any CPU = Release|Any CPU
	EndGlobalSection
	GlobalSection(NestedProjects) = preSolution
		{31F2CF38-B758-464D-BD1E-83875AEF9B46} = {71C31B14-2B91-4787-A093-7B5E7D77F048}
		{CFDA4A71-CAD8-4C4D-9E7C-3905A6180E9A} = {71C31B14-2B91-4787-A093-7B5E7D77F048}
		{4BC36847-C845-4839-8A29-B2959E044404} = {71C31B14-2B91-4787-A093-7B5E7D77F048}
	EndGlobalSection
EndGlobal
